Microsoft Visual Studio Solution File, Format Version 11.00
# Visual Studio 2008

Project("{82F2C338-B200-D860-039E-8D93F9FF597F}") = "Pro3", "Assembly-CSharp.csproj", "{7FB70696-A886-0B31-B041-7A7231AD261C}"
EndProject
Global
	GlobalSection(SolutionConfigurationPlatforms) = preSolution
		Debug|Any CPU = Debug|Any CPU
		Release|Any CPU = Release|Any CPU
	EndGlobalSection
	GlobalSection(ProjectConfigurationPlatforms) = postSolution
		{7FB70696-A886-0B31-B041-7A7231AD261C}.Debug|Any CPU.ActiveCfg = Debug|Any CPU
		{7FB70696-A886-0B31-B041-7A7231AD261C}.Debug|Any CPU.Build.0 = Debug|Any CPU
		{7FB70696-A886-0B31-B041-7A7231AD261C}.Release|Any CPU.ActiveCfg = Release|Any CPU
		{7FB70696-A886-0B31-B041-7A7231AD261C}.Release|Any CPU.Build.0 = Release|Any CPU
	EndGlobalSection
	GlobalSection(SolutionProperties) = preSolution
		HideSolutionNode = FALSE
	EndGlobalSection
	GlobalSection(MonoDevelopProperties) = preSolution
		StartupItem = Assembly-CSharp.csproj
	EndGlobalSection
EndGlobal
